{
  "name": "explorehackswebsite-master",
  "version": "1.0.0",
  "lockfileVersion": 2,
  "requires": true,
  "packages": {
    "": {
      "version": "1.0.0",
      "license": "ISC",
      "dependencies": {
        "gsap": "^3.7.1",
        "three": "^0.130.1"
      }
    },
    "node_modules/gsap": {
      "version": "3.7.1",
      "resolved": "https://registry.npmjs.org/gsap/-/gsap-3.7.1.tgz",
      "integrity": "sha512-4qxuaC2yFWRjMRof5tI/7c9/+L4xMsCoqHrZAmuh+IbOokTnZyoeF0VgvcVHq3uo+/VJZCs7PTvjrFasfGl+ww=="
    },
    "node_modules/three": {
      "version": "0.130.1",
      "resolved": "https://registry.npmjs.org/three/-/three-0.130.1.tgz",
      "integrity": "sha512-OSPPKcGvFSiGkG3jFrwwC76PBV/ZSrGxpBbg28bW8s9GU8r/y2spNGtEXHEb/CVqo0Ctf5Lx2rVaxQZB6OasaA=="
    }
  },
  "dependencies": {
    "gsap": {
      "version": "3.7.1",
      "resolved": "https://registry.npmjs.org/gsap/-/gsap-3.7.1.tgz",
      "integrity": "sha512-4qxuaC2yFWRjMRof5tI/7c9/+L4xMsCoqHrZAmuh+IbOokTnZyoeF0VgvcVHq3uo+/VJZCs7PTvjrFasfGl+ww=="
    },
    "three": {
      "version": "0.130.1",
      "resolved": "https://registry.npmjs.org/three/-/three-0.130.1.tgz",
      "integrity": "sha512-OSPPKcGvFSiGkG3jFrwwC76PBV/ZSrGxpBbg28bW8s9GU8r/y2spNGtEXHEb/CVqo0Ctf5Lx2rVaxQZB6OasaA=="
    }
  }
}
